{
  "name": "sm",
  "version": "1.0.0",
  "lockfileVersion": 1,
  "requires": true,
  "dependencies": {
    "bulma": {
      "version": "0.6.2",
      "resolved": "https://registry.npmjs.org/bulma/-/bulma-0.6.2.tgz",
      "integrity": "sha1-9LHRHVrMUaeWROsKKwsQZJ09cfU="
    },
    "fullpage.js": {
      "version": "2.9.6",
      "resolved": "https://registry.npmjs.org/fullpage.js/-/fullpage.js-2.9.6.tgz",
      "integrity": "sha512-vAQgKXTQMRf93iW/wPA32bZclq3Wn2DF9HGoulP+mEZQpKog7qFIYy+TIBCWHm8HqnPzJS//8emizQqLU2Scwg==",
      "requires": {
        "jquery": "3.3.1"
      }
    },
    "gsap": {
      "version": "1.20.4",
      "resolved": "https://registry.npmjs.org/gsap/-/gsap-1.20.4.tgz",
      "integrity": "sha1-AF+6Knv7s7nSe9d+FjTSutNlqGo="
    },
    "jquery": {
      "version": "3.3.1",
      "resolved": "https://registry.npmjs.org/jquery/-/jquery-3.3.1.tgz",
      "integrity": "sha512-Ubldcmxp5np52/ENotGxlLe6aGMvmF4R8S6tZjsP6Knsaxd/xp3Zrh50cG93lR6nPXyUFwzN3ZSOQI0wRJNdGg=="
    }
  }
}
